
Microsoft Visual Studio Solution File, Format Version 12.00
# Visual Studio Version 17
VisualStudioVersion = 17.7.34202.233
MinimumVisualStudioVersion = 10.0.40219.1
Project("{FAE04EC0-301F-11D3-BF4B-00C04F79EFBC}") = "17-Vowel-Statistics", "17-Vowel-Statistics\17-Vowel-Statistics.csproj", "{F35875CA-00AF-4C61-B695-B82CACAD3CCB}"
EndProject
Global
	GlobalSection(SolutionConfigurationPlatforms) = preSolution
		Debug|Any CPU = Debug|Any CPU
		Release|Any CPU = Release|Any CPU
	EndGlobalSection
	GlobalSection(ProjectConfigurationPlatforms) = postSolution
		{F35875CA-00AF-4C61-B695-B82CACAD3CCB}.Debug|Any CPU.ActiveCfg = Debug|Any CPU
		{F35875CA-00AF-4C61-B695-B82CACAD3CCB}.Debug|Any CPU.Build.0 = Debug|Any CPU
		{F35875CA-00AF-4C61-B695-B82CACAD3CCB}.Release|Any CPU.ActiveCfg = Release|Any CPU
		{F35875CA-00AF-4C61-B695-B82CACAD3CCB}.Release|Any CPU.Build.0 = Release|Any CPU
	EndGlobalSection
	GlobalSection(SolutionProperties) = preSolution
		HideSolutionNode = FALSE
	EndGlobalSection
	GlobalSection(ExtensibilityGlobals) = postSolution
		SolutionGuid = {49635036-23E9-4EFF-A72C-F899B08C08FD}
	EndGlobalSection
EndGlobal
