
Microsoft Visual Studio Solution File, Format Version 12.00
# Visual Studio Version 17
VisualStudioVersion = 17.7.34018.315
MinimumVisualStudioVersion = 10.0.40219.1
Project("{FAE04EC0-301F-11D3-BF4B-00C04F79EFBC}") = "26-Pass-A-Phrase-To-An-Arrangement", "26-Pass-A-Phrase-To-An-Arrangement\26-Pass-A-Phrase-To-An-Arrangement.csproj", "{1132CA08-211D-423C-AD51-2F643114341A}"
EndProject
Global
	GlobalSection(SolutionConfigurationPlatforms) = preSolution
		Debug|Any CPU = Debug|Any CPU
		Release|Any CPU = Release|Any CPU
	EndGlobalSection
	GlobalSection(ProjectConfigurationPlatforms) = postSolution
		{1132CA08-211D-423C-AD51-2F643114341A}.Debug|Any CPU.ActiveCfg = Debug|Any CPU
		{1132CA08-211D-423C-AD51-2F643114341A}.Debug|Any CPU.Build.0 = Debug|Any CPU
		{1132CA08-211D-423C-AD51-2F643114341A}.Release|Any CPU.ActiveCfg = Release|Any CPU
		{1132CA08-211D-423C-AD51-2F643114341A}.Release|Any CPU.Build.0 = Release|Any CPU
	EndGlobalSection
	GlobalSection(SolutionProperties) = preSolution
		HideSolutionNode = FALSE
	EndGlobalSection
	GlobalSection(ExtensibilityGlobals) = postSolution
		SolutionGuid = {8EBBB27A-9E4E-41EA-9CF2-380CAC4FDCE3}
	EndGlobalSection
EndGlobal
