
Microsoft Visual Studio Solution File, Format Version 12.00
# Visual Studio Version 17
VisualStudioVersion = 17.7.34202.233
MinimumVisualStudioVersion = 10.0.40219.1
Project("{FAE04EC0-301F-11D3-BF4B-00C04F79EFBC}") = "5-Number-Letter-Consonant", "5-Number-Letter-Consonant\5-Number-Letter-Consonant.csproj", "{0695930C-169A-4F2A-A77F-B7BCFCAB97E0}"
EndProject
Global
	GlobalSection(SolutionConfigurationPlatforms) = preSolution
		Debug|Any CPU = Debug|Any CPU
		Release|Any CPU = Release|Any CPU
	EndGlobalSection
	GlobalSection(ProjectConfigurationPlatforms) = postSolution
		{0695930C-169A-4F2A-A77F-B7BCFCAB97E0}.Debug|Any CPU.ActiveCfg = Debug|Any CPU
		{0695930C-169A-4F2A-A77F-B7BCFCAB97E0}.Debug|Any CPU.Build.0 = Debug|Any CPU
		{0695930C-169A-4F2A-A77F-B7BCFCAB97E0}.Release|Any CPU.ActiveCfg = Release|Any CPU
		{0695930C-169A-4F2A-A77F-B7BCFCAB97E0}.Release|Any CPU.Build.0 = Release|Any CPU
	EndGlobalSection
	GlobalSection(SolutionProperties) = preSolution
		HideSolutionNode = FALSE
	EndGlobalSection
	GlobalSection(ExtensibilityGlobals) = postSolution
		SolutionGuid = {7C8EFE77-B793-4A45-80E4-8B42B425F64D}
	EndGlobalSection
EndGlobal
