
Microsoft Visual Studio Solution File, Format Version 12.00
# Visual Studio Version 17
VisualStudioVersion = 17.7.34202.233
MinimumVisualStudioVersion = 10.0.40219.1
Project("{FAE04EC0-301F-11D3-BF4B-00C04F79EFBC}") = "8-Succession-Of-N-Frames", "8-Succession-Of-N-Frames\8-Succession-Of-N-Frames.csproj", "{CCEBA49E-3C00-47EE-807D-AAE052D816D1}"
EndProject
Global
	GlobalSection(SolutionConfigurationPlatforms) = preSolution
		Debug|Any CPU = Debug|Any CPU
		Release|Any CPU = Release|Any CPU
	EndGlobalSection
	GlobalSection(ProjectConfigurationPlatforms) = postSolution
		{CCEBA49E-3C00-47EE-807D-AAE052D816D1}.Debug|Any CPU.ActiveCfg = Debug|Any CPU
		{CCEBA49E-3C00-47EE-807D-AAE052D816D1}.Debug|Any CPU.Build.0 = Debug|Any CPU
		{CCEBA49E-3C00-47EE-807D-AAE052D816D1}.Release|Any CPU.ActiveCfg = Release|Any CPU
		{CCEBA49E-3C00-47EE-807D-AAE052D816D1}.Release|Any CPU.Build.0 = Release|Any CPU
	EndGlobalSection
	GlobalSection(SolutionProperties) = preSolution
		HideSolutionNode = FALSE
	EndGlobalSection
	GlobalSection(ExtensibilityGlobals) = postSolution
		SolutionGuid = {995A4428-97B6-4C23-9456-482BFC777CF1}
	EndGlobalSection
EndGlobal
