
Microsoft Visual Studio Solution File, Format Version 12.00
# Visual Studio Version 17
VisualStudioVersion = 17.7.34202.233
MinimumVisualStudioVersion = 10.0.40219.1
Project("{FAE04EC0-301F-11D3-BF4B-00C04F79EFBC}") = "1-greater than two numbers", "1-greater than two numbers\1-greater than two numbers.csproj", "{D41345CE-DA93-4DD6-A27F-76CA6C076614}"
EndProject
Global
	GlobalSection(SolutionConfigurationPlatforms) = preSolution
		Debug|Any CPU = Debug|Any CPU
		Release|Any CPU = Release|Any CPU
	EndGlobalSection
	GlobalSection(ProjectConfigurationPlatforms) = postSolution
		{D41345CE-DA93-4DD6-A27F-76CA6C076614}.Debug|Any CPU.ActiveCfg = Debug|Any CPU
		{D41345CE-DA93-4DD6-A27F-76CA6C076614}.Debug|Any CPU.Build.0 = Debug|Any CPU
		{D41345CE-DA93-4DD6-A27F-76CA6C076614}.Release|Any CPU.ActiveCfg = Release|Any CPU
		{D41345CE-DA93-4DD6-A27F-76CA6C076614}.Release|Any CPU.Build.0 = Release|Any CPU
	EndGlobalSection
	GlobalSection(SolutionProperties) = preSolution
		HideSolutionNode = FALSE
	EndGlobalSection
	GlobalSection(ExtensibilityGlobals) = postSolution
		SolutionGuid = {2718BF05-DBAC-436C-9EE6-18090720E885}
	EndGlobalSection
EndGlobal
