
Microsoft Visual Studio Solution File, Format Version 12.00
# Visual Studio Version 17
VisualStudioVersion = 17.7.34202.233
MinimumVisualStudioVersion = 10.0.40219.1
Project("{FAE04EC0-301F-11D3-BF4B-00C04F79EFBC}") = "29-Major-And-Minor-Of-An-Arrangement-Of-N-Elements", "29-Major-And-Minor-Of-An-Arrangement-Of-N-Elements\29-Major-And-Minor-Of-An-Arrangement-Of-N-Elements.csproj", "{00B3CF2E-666E-45A9-A82A-924DC9DC70EB}"
EndProject
Global
	GlobalSection(SolutionConfigurationPlatforms) = preSolution
		Debug|Any CPU = Debug|Any CPU
		Release|Any CPU = Release|Any CPU
	EndGlobalSection
	GlobalSection(ProjectConfigurationPlatforms) = postSolution
		{00B3CF2E-666E-45A9-A82A-924DC9DC70EB}.Debug|Any CPU.ActiveCfg = Debug|Any CPU
		{00B3CF2E-666E-45A9-A82A-924DC9DC70EB}.Debug|Any CPU.Build.0 = Debug|Any CPU
		{00B3CF2E-666E-45A9-A82A-924DC9DC70EB}.Release|Any CPU.ActiveCfg = Release|Any CPU
		{00B3CF2E-666E-45A9-A82A-924DC9DC70EB}.Release|Any CPU.Build.0 = Release|Any CPU
	EndGlobalSection
	GlobalSection(SolutionProperties) = preSolution
		HideSolutionNode = FALSE
	EndGlobalSection
	GlobalSection(ExtensibilityGlobals) = postSolution
		SolutionGuid = {CCEF65C9-0015-4A82-9549-C78D73E01478}
	EndGlobalSection
EndGlobal
