
Microsoft Visual Studio Solution File, Format Version 12.00
# Visual Studio Version 17
VisualStudioVersion = 17.7.34018.315
MinimumVisualStudioVersion = 10.0.40219.1
Project("{FAE04EC0-301F-11D3-BF4B-00C04F79EFBC}") = "11-fibonacciSeries", "11-fibonacciSeries\11-fibonacciSeries.csproj", "{8FE0E5C2-8E45-4904-B754-A97995BE1E62}"
EndProject
Global
	GlobalSection(SolutionConfigurationPlatforms) = preSolution
		Debug|Any CPU = Debug|Any CPU
		Release|Any CPU = Release|Any CPU
	EndGlobalSection
	GlobalSection(ProjectConfigurationPlatforms) = postSolution
		{8FE0E5C2-8E45-4904-B754-A97995BE1E62}.Debug|Any CPU.ActiveCfg = Debug|Any CPU
		{8FE0E5C2-8E45-4904-B754-A97995BE1E62}.Debug|Any CPU.Build.0 = Debug|Any CPU
		{8FE0E5C2-8E45-4904-B754-A97995BE1E62}.Release|Any CPU.ActiveCfg = Release|Any CPU
		{8FE0E5C2-8E45-4904-B754-A97995BE1E62}.Release|Any CPU.Build.0 = Release|Any CPU
	EndGlobalSection
	GlobalSection(SolutionProperties) = preSolution
		HideSolutionNode = FALSE
	EndGlobalSection
	GlobalSection(ExtensibilityGlobals) = postSolution
		SolutionGuid = {22BB90AC-F873-4E50-99A5-2B51F7DB8A08}
	EndGlobalSection
EndGlobal
