
Microsoft Visual Studio Solution File, Format Version 12.00
# Visual Studio Version 17
VisualStudioVersion = 17.7.34202.233
MinimumVisualStudioVersion = 10.0.40219.1
Project("{FAE04EC0-301F-11D3-BF4B-00C04F79EFBC}") = "30-INSERT-AN-ELEMENT-INTO-AN-ARRANGEMENT", "30-INSERT-AN-ELEMENT-INTO-AN-ARRANGEMENT\30-INSERT-AN-ELEMENT-INTO-AN-ARRANGEMENT.csproj", "{2B526FE7-C85E-4571-9225-7B57643E1128}"
EndProject
Global
	GlobalSection(SolutionConfigurationPlatforms) = preSolution
		Debug|Any CPU = Debug|Any CPU
		Release|Any CPU = Release|Any CPU
	EndGlobalSection
	GlobalSection(ProjectConfigurationPlatforms) = postSolution
		{2B526FE7-C85E-4571-9225-7B57643E1128}.Debug|Any CPU.ActiveCfg = Debug|Any CPU
		{2B526FE7-C85E-4571-9225-7B57643E1128}.Debug|Any CPU.Build.0 = Debug|Any CPU
		{2B526FE7-C85E-4571-9225-7B57643E1128}.Release|Any CPU.ActiveCfg = Release|Any CPU
		{2B526FE7-C85E-4571-9225-7B57643E1128}.Release|Any CPU.Build.0 = Release|Any CPU
	EndGlobalSection
	GlobalSection(SolutionProperties) = preSolution
		HideSolutionNode = FALSE
	EndGlobalSection
	GlobalSection(ExtensibilityGlobals) = postSolution
		SolutionGuid = {DFEB18AD-320D-4872-B9EA-AB67BF33FE5B}
	EndGlobalSection
EndGlobal
