
Microsoft Visual Studio Solution File, Format Version 12.00
# Visual Studio Version 17
VisualStudioVersion = 17.7.34202.233
MinimumVisualStudioVersion = 10.0.40219.1
Project("{FAE04EC0-301F-11D3-BF4B-00C04F79EFBC}") = "36-Valid Parentheses", "36-Valid Parentheses\36-Valid Parentheses.csproj", "{BEBB20CD-D41C-4662-9BF1-D041B9643A64}"
EndProject
Global
	GlobalSection(SolutionConfigurationPlatforms) = preSolution
		Debug|Any CPU = Debug|Any CPU
		Release|Any CPU = Release|Any CPU
	EndGlobalSection
	GlobalSection(ProjectConfigurationPlatforms) = postSolution
		{BEBB20CD-D41C-4662-9BF1-D041B9643A64}.Debug|Any CPU.ActiveCfg = Debug|Any CPU
		{BEBB20CD-D41C-4662-9BF1-D041B9643A64}.Debug|Any CPU.Build.0 = Debug|Any CPU
		{BEBB20CD-D41C-4662-9BF1-D041B9643A64}.Release|Any CPU.ActiveCfg = Release|Any CPU
		{BEBB20CD-D41C-4662-9BF1-D041B9643A64}.Release|Any CPU.Build.0 = Release|Any CPU
	EndGlobalSection
	GlobalSection(SolutionProperties) = preSolution
		HideSolutionNode = FALSE
	EndGlobalSection
	GlobalSection(ExtensibilityGlobals) = postSolution
		SolutionGuid = {B9B7E84E-B9F2-453A-9CB6-302182C6A095}
	EndGlobalSection
EndGlobal
