
Microsoft Visual Studio Solution File, Format Version 12.00
# Visual Studio Version 17
VisualStudioVersion = 17.7.34202.233
MinimumVisualStudioVersion = 10.0.40219.1
Project("{FAE04EC0-301F-11D3-BF4B-00C04F79EFBC}") = "13-Fibonacci", "13-Fibonacci\13-Fibonacci.csproj", "{62B76A08-E310-4E76-BD13-7FCACA5DBE17}"
EndProject
Global
	GlobalSection(SolutionConfigurationPlatforms) = preSolution
		Debug|Any CPU = Debug|Any CPU
		Release|Any CPU = Release|Any CPU
	EndGlobalSection
	GlobalSection(ProjectConfigurationPlatforms) = postSolution
		{62B76A08-E310-4E76-BD13-7FCACA5DBE17}.Debug|Any CPU.ActiveCfg = Debug|Any CPU
		{62B76A08-E310-4E76-BD13-7FCACA5DBE17}.Debug|Any CPU.Build.0 = Debug|Any CPU
		{62B76A08-E310-4E76-BD13-7FCACA5DBE17}.Release|Any CPU.ActiveCfg = Release|Any CPU
		{62B76A08-E310-4E76-BD13-7FCACA5DBE17}.Release|Any CPU.Build.0 = Release|Any CPU
	EndGlobalSection
	GlobalSection(SolutionProperties) = preSolution
		HideSolutionNode = FALSE
	EndGlobalSection
	GlobalSection(ExtensibilityGlobals) = postSolution
		SolutionGuid = {7807858C-9B65-480C-9D2D-3A438F270242}
	EndGlobalSection
EndGlobal
