
Microsoft Visual Studio Solution File, Format Version 12.00
# Visual Studio Version 17
VisualStudioVersion = 17.7.34202.233
MinimumVisualStudioVersion = 10.0.40219.1
Project("{FAE04EC0-301F-11D3-BF4B-00C04F79EFBC}") = "2-greater than three numbers", "2-greater than three numbers\2-greater than three numbers.csproj", "{7D79AC66-F560-49D2-81CD-42494A15629B}"
EndProject
Global
	GlobalSection(SolutionConfigurationPlatforms) = preSolution
		Debug|Any CPU = Debug|Any CPU
		Release|Any CPU = Release|Any CPU
	EndGlobalSection
	GlobalSection(ProjectConfigurationPlatforms) = postSolution
		{7D79AC66-F560-49D2-81CD-42494A15629B}.Debug|Any CPU.ActiveCfg = Debug|Any CPU
		{7D79AC66-F560-49D2-81CD-42494A15629B}.Debug|Any CPU.Build.0 = Debug|Any CPU
		{7D79AC66-F560-49D2-81CD-42494A15629B}.Release|Any CPU.ActiveCfg = Release|Any CPU
		{7D79AC66-F560-49D2-81CD-42494A15629B}.Release|Any CPU.Build.0 = Release|Any CPU
	EndGlobalSection
	GlobalSection(SolutionProperties) = preSolution
		HideSolutionNode = FALSE
	EndGlobalSection
	GlobalSection(ExtensibilityGlobals) = postSolution
		SolutionGuid = {0BA3A1AF-5869-467F-8A75-71C68E4CA934}
	EndGlobalSection
EndGlobal
