
Microsoft Visual Studio Solution File, Format Version 12.00
# Visual Studio Version 17
VisualStudioVersion = 17.7.34202.233
MinimumVisualStudioVersion = 10.0.40219.1
Project("{FAE04EC0-301F-11D3-BF4B-00C04F79EFBC}") = "33-Palindrome Number", "33-Palindrome Number\33-Palindrome Number.csproj", "{87CEEB1D-8955-47DF-B086-3B871141A66D}"
EndProject
Global
	GlobalSection(SolutionConfigurationPlatforms) = preSolution
		Debug|Any CPU = Debug|Any CPU
		Release|Any CPU = Release|Any CPU
	EndGlobalSection
	GlobalSection(ProjectConfigurationPlatforms) = postSolution
		{87CEEB1D-8955-47DF-B086-3B871141A66D}.Debug|Any CPU.ActiveCfg = Debug|Any CPU
		{87CEEB1D-8955-47DF-B086-3B871141A66D}.Debug|Any CPU.Build.0 = Debug|Any CPU
		{87CEEB1D-8955-47DF-B086-3B871141A66D}.Release|Any CPU.ActiveCfg = Release|Any CPU
		{87CEEB1D-8955-47DF-B086-3B871141A66D}.Release|Any CPU.Build.0 = Release|Any CPU
	EndGlobalSection
	GlobalSection(SolutionProperties) = preSolution
		HideSolutionNode = FALSE
	EndGlobalSection
	GlobalSection(ExtensibilityGlobals) = postSolution
		SolutionGuid = {2A3F53E9-F79B-40C6-BBFC-ACF0187529E6}
	EndGlobalSection
EndGlobal
