
Microsoft Visual Studio Solution File, Format Version 12.00
# Visual Studio Version 17
VisualStudioVersion = 17.7.34202.233
MinimumVisualStudioVersion = 10.0.40219.1
Project("{FAE04EC0-301F-11D3-BF4B-00C04F79EFBC}") = "38-Delete-An-Element-Into-Arrangment", "38-Delete-An-Element-Into-Arrangment\38-Delete-An-Element-Into-Arrangment.csproj", "{134131EF-D292-4840-9C39-985BF6B6E0B3}"
EndProject
Global
	GlobalSection(SolutionConfigurationPlatforms) = preSolution
		Debug|Any CPU = Debug|Any CPU
		Release|Any CPU = Release|Any CPU
	EndGlobalSection
	GlobalSection(ProjectConfigurationPlatforms) = postSolution
		{134131EF-D292-4840-9C39-985BF6B6E0B3}.Debug|Any CPU.ActiveCfg = Debug|Any CPU
		{134131EF-D292-4840-9C39-985BF6B6E0B3}.Debug|Any CPU.Build.0 = Debug|Any CPU
		{134131EF-D292-4840-9C39-985BF6B6E0B3}.Release|Any CPU.ActiveCfg = Release|Any CPU
		{134131EF-D292-4840-9C39-985BF6B6E0B3}.Release|Any CPU.Build.0 = Release|Any CPU
	EndGlobalSection
	GlobalSection(SolutionProperties) = preSolution
		HideSolutionNode = FALSE
	EndGlobalSection
	GlobalSection(ExtensibilityGlobals) = postSolution
		SolutionGuid = {48490523-7723-4B32-975D-AF2EF6373F36}
	EndGlobalSection
EndGlobal
